
Microsoft Visual Studio Solution File, Format Version 12.00
# Visual Studio 15
Project("{FAE04EC0-301F-11D3-BF4B-00C04F79EFBC}") = "Assembly-CSharp", "Assembly-CSharp.csproj", "{872F512D-9F2D-DB26-62A5-9AA31F7F2210}"
EndProject
Project("{FAE04EC0-301F-11D3-BF4B-00C04F79EFBC}") = "Assembly-CSharp-Editor", "Assembly-CSharp-Editor.csproj", "{4CA40299-E6D7-8DF6-1B58-AC7C9F98F3B9}"
EndProject
Project("{FAE04EC0-301F-11D3-BF4B-00C04F79EFBC}") = "Unity.XR.Interaction.Toolkit.Samples.StarterAssets.Editor", "Unity.XR.Interaction.Toolkit.Samples.StarterAssets.Editor.csproj", "{7BD99EB4-5DA5-7B24-D21B-DE4FE69C73C0}"
EndProject
Project("{FAE04EC0-301F-11D3-BF4B-00C04F79EFBC}") = "Unity.XR.Hands.Samples.VisualizerSample", "Unity.XR.Hands.Samples.VisualizerSample.csproj", "{3F0A4E70-9E08-A354-0BDE-B62FE596BCE1}"
EndProject
Project("{FAE04EC0-301F-11D3-BF4B-00C04F79EFBC}") = "Unity.XR.Interaction.Toolkit.Samples.StarterAssets", "Unity.XR.Interaction.Toolkit.Samples.StarterAssets.csproj", "{B7A91695-057F-1A09-42E9-ED639B9F9E1A}"
EndProject
Global
	GlobalSection(SolutionConfigurationPlatforms) = preSolution
		Debug|Any CPU = Debug|Any CPU
		Release|Any CPU = Release|Any CPU
	EndGlobalSection
	GlobalSection(ProjectConfigurationPlatforms) = postSolution
		{872F512D-9F2D-DB26-62A5-9AA31F7F2210}.Debug|Any CPU.ActiveCfg = Debug|Any CPU
		{872F512D-9F2D-DB26-62A5-9AA31F7F2210}.Debug|Any CPU.Build.0 = Debug|Any CPU
		{872F512D-9F2D-DB26-62A5-9AA31F7F2210}.Release|Any CPU.ActiveCfg = Release|Any CPU
		{872F512D-9F2D-DB26-62A5-9AA31F7F2210}.Release|Any CPU.Build.0 = Release|Any CPU
		{4CA40299-E6D7-8DF6-1B58-AC7C9F98F3B9}.Debug|Any CPU.ActiveCfg = Debug|Any CPU
		{4CA40299-E6D7-8DF6-1B58-AC7C9F98F3B9}.Debug|Any CPU.Build.0 = Debug|Any CPU
		{4CA40299-E6D7-8DF6-1B58-AC7C9F98F3B9}.Release|Any CPU.ActiveCfg = Release|Any CPU
		{4CA40299-E6D7-8DF6-1B58-AC7C9F98F3B9}.Release|Any CPU.Build.0 = Release|Any CPU
		{7BD99EB4-5DA5-7B24-D21B-DE4FE69C73C0}.Debug|Any CPU.ActiveCfg = Debug|Any CPU
		{7BD99EB4-5DA5-7B24-D21B-DE4FE69C73C0}.Debug|Any CPU.Build.0 = Debug|Any CPU
		{7BD99EB4-5DA5-7B24-D21B-DE4FE69C73C0}.Release|Any CPU.ActiveCfg = Release|Any CPU
		{7BD99EB4-5DA5-7B24-D21B-DE4FE69C73C0}.Release|Any CPU.Build.0 = Release|Any CPU
		{3F0A4E70-9E08-A354-0BDE-B62FE596BCE1}.Debug|Any CPU.ActiveCfg = Debug|Any CPU
		{3F0A4E70-9E08-A354-0BDE-B62FE596BCE1}.Debug|Any CPU.Build.0 = Debug|Any CPU
		{3F0A4E70-9E08-A354-0BDE-B62FE596BCE1}.Release|Any CPU.ActiveCfg = Release|Any CPU
		{3F0A4E70-9E08-A354-0BDE-B62FE596BCE1}.Release|Any CPU.Build.0 = Release|Any CPU
		{B7A91695-057F-1A09-42E9-ED639B9F9E1A}.Debug|Any CPU.ActiveCfg = Debug|Any CPU
		{B7A91695-057F-1A09-42E9-ED639B9F9E1A}.Debug|Any CPU.Build.0 = Debug|Any CPU
		{B7A91695-057F-1A09-42E9-ED639B9F9E1A}.Release|Any CPU.ActiveCfg = Release|Any CPU
		{B7A91695-057F-1A09-42E9-ED639B9F9E1A}.Release|Any CPU.Build.0 = Release|Any CPU
	EndGlobalSection
	GlobalSection(SolutionProperties) = preSolution
		HideSolutionNode = FALSE
	EndGlobalSection
EndGlobal
